// !$*UTF8*$!
{
	archiveVersion = 1;
	classes = {
	};
	objectVersion = 56;
	objects = {

/* Begin PBXBuildFile section */
		28FFCCAC285F4D55000615DA /* ChordRandomizerApp.swift in Sources */ = {isa = PBXBuildFile; fileRef = 28FFCCAB285F4D55000615DA /* ChordRandomizerApp.swift */; };
		28FFCCAE285F4D55000615DA /* RandomizerView.swift in Sources */ = {isa = PBXBuildFile; fileRef = 28FFCCAD285F4D55000615DA /* RandomizerView.swift */; };
		28FFCCB0285F4D56000615DA /* Assets.xcassets in Resources */ = {isa = PBXBuildFile; fileRef = 28FFCCAF285F4D56000615DA /* Assets.xcassets */; };
		28FFCCB4285F4D56000615DA /* Preview Assets.xcassets in Resources */ = {isa = PBXBuildFile; fileRef = 28FFCCB3285F4D56000615DA /* Preview Assets.xcassets */; };
		28FFCCBB285F4DA9000615DA /* RandomizerViewModel.swift in Sources */ = {isa = PBXBuildFile; fileRef = 28FFCCBA285F4DA9000615DA /* RandomizerViewModel.swift */; };
		28FFCCDB285F56B3000615DA /* MusicTheory in Frameworks */ = {isa = PBXBuildFile; productRef = 28FFCCDA285F56B3000615DA /* MusicTheory */; };
		28FFCCDD285F56B3000615DA /* Utilities in Frameworks */ = {isa = PBXBuildFile; productRef = 28FFCCDC285F56B3000615DA /* Utilities */; };
/* End PBXBuildFile section */

/* Begin PBXContainerItemProxy section */
		2894A01829FFFC24007F286D /* PBXContainerItemProxy */ = {
			isa = PBXContainerItemProxy;
			containerPortal = 28FFCCA0285F4D55000615DA /* Project object */;
			proxyType = 1;
			remoteGlobalIDString = 28FFCCA7285F4D55000615DA;
			remoteInfo = ChordRandomizer;
		};
/* End PBXContainerItemProxy section */

/* Begin PBXFileReference section */
		2894A01429FFFC24007F286D /* ChordRandomizerTests.xctest */ = {isa = PBXFileReference; explicitFileType = wrapper.cfbundle; includeInIndex = 0; path = ChordRandomizerTests.xctest; sourceTree = BUILT_PRODUCTS_DIR; };
		28FFCCA8285F4D55000615DA /* ChordRandomizer.app */ = {isa = PBXFileReference; explicitFileType = wrapper.application; includeInIndex = 0; path = ChordRandomizer.app; sourceTree = BUILT_PRODUCTS_DIR; };
		28FFCCAB285F4D55000615DA /* ChordRandomizerApp.swift */ = {isa = PBXFileReference; lastKnownFileType = sourcecode.swift; path = ChordRandomizerApp.swift; sourceTree = "<group>"; };
		28FFCCAD285F4D55000615DA /* RandomizerView.swift */ = {isa = PBXFileReference; lastKnownFileType = sourcecode.swift; path = RandomizerView.swift; sourceTree = "<group>"; };
		28FFCCAF285F4D56000615DA /* Assets.xcassets */ = {isa = PBXFileReference; lastKnownFileType = folder.assetcatalog; path = Assets.xcassets; sourceTree = "<group>"; };
		28FFCCB1285F4D56000615DA /* ChordRandomizer.entitlements */ = {isa = PBXFileReference; lastKnownFileType = text.plist.entitlements; path = ChordRandomizer.entitlements; sourceTree = "<group>"; };
		28FFCCB3285F4D56000615DA /* Preview Assets.xcassets */ = {isa = PBXFileReference; lastKnownFileType = folder.assetcatalog; path = "Preview Assets.xcassets"; sourceTree = "<group>"; };
		28FFCCBA285F4DA9000615DA /* RandomizerViewModel.swift */ = {isa = PBXFileReference; lastKnownFileType = sourcecode.swift; path = RandomizerViewModel.swift; sourceTree = "<group>"; };
		28FFCCD9285F55BE000615DA /* Modules */ = {isa = PBXFileReference; lastKnownFileType = wrapper; path = Modules; sourceTree = "<group>"; };
/* End PBXFileReference section */

/* Begin PBXFrameworksBuildPhase section */
		2894A01129FFFC24007F286D /* Frameworks */ = {
			isa = PBXFrameworksBuildPhase;
			buildActionMask = 2147483647;
			files = (
			);
			runOnlyForDeploymentPostprocessing = 0;
		};
		28FFCCA5285F4D55000615DA /* Frameworks */ = {
			isa = PBXFrameworksBuildPhase;
			buildActionMask = 2147483647;
			files = (
				28FFCCDB285F56B3000615DA /* MusicTheory in Frameworks */,
				28FFCCDD285F56B3000615DA /* Utilities in Frameworks */,
			);
			runOnlyForDeploymentPostprocessing = 0;
		};
/* End PBXFrameworksBuildPhase section */

/* Begin PBXGroup section */
		2894A01529FFFC24007F286D /* ChordRandomizerTests */ = {
			isa = PBXGroup;
			children = (
			);
			path = ChordRandomizerTests;
			sourceTree = "<group>";
		};
		28FFCC9F285F4D55000615DA = {
			isa = PBXGroup;
			children = (
				28FFCCD9285F55BE000615DA /* Modules */,
				28FFCCAA285F4D55000615DA /* ChordRandomizer */,
				2894A01529FFFC24007F286D /* ChordRandomizerTests */,
				28FFCCA9285F4D55000615DA /* Products */,
				28FFCCCD285F551F000615DA /* Frameworks */,
			);
			sourceTree = "<group>";
		};
		28FFCCA9285F4D55000615DA /* Products */ = {
			isa = PBXGroup;
			children = (
				28FFCCA8285F4D55000615DA /* ChordRandomizer.app */,
				2894A01429FFFC24007F286D /* ChordRandomizerTests.xctest */,
			);
			name = Products;
			sourceTree = "<group>";
		};
		28FFCCAA285F4D55000615DA /* ChordRandomizer */ = {
			isa = PBXGroup;
			children = (
				28FFCCAB285F4D55000615DA /* ChordRandomizerApp.swift */,
				28FFCCCB285F51E4000615DA /* Randomizer */,
				28FFCCAF285F4D56000615DA /* Assets.xcassets */,
				28FFCCB1285F4D56000615DA /* ChordRandomizer.entitlements */,
				28FFCCB2285F4D56000615DA /* Preview Content */,
			);
			path = ChordRandomizer;
			sourceTree = "<group>";
		};
		28FFCCB2285F4D56000615DA /* Preview Content */ = {
			isa = PBXGroup;
			children = (
				28FFCCB3285F4D56000615DA /* Preview Assets.xcassets */,
			);
			path = "Preview Content";
			sourceTree = "<group>";
		};
		28FFCCCB285F51E4000615DA /* Randomizer */ = {
			isa = PBXGroup;
			children = (
				28FFCCAD285F4D55000615DA /* RandomizerView.swift */,
				28FFCCBA285F4DA9000615DA /* RandomizerViewModel.swift */,
			);
			path = Randomizer;
			sourceTree = "<group>";
		};
		28FFCCCD285F551F000615DA /* Frameworks */ = {
			isa = PBXGroup;
			children = (
			);
			name = Frameworks;
			sourceTree = "<group>";
		};
/* End PBXGroup section */

/* Begin PBXNativeTarget section */
		2894A01329FFFC24007F286D /* ChordRandomizerTests */ = {
			isa = PBXNativeTarget;
			buildConfigurationList = 2894A01A29FFFC24007F286D /* Build configuration list for PBXNativeTarget "ChordRandomizerTests" */;
			buildPhases = (
				2894A01029FFFC24007F286D /* Sources */,
				2894A01129FFFC24007F286D /* Frameworks */,
				2894A01229FFFC24007F286D /* Resources */,
			);
			buildRules = (
			);
			dependencies = (
				2894A01929FFFC24007F286D /* PBXTargetDependency */,
			);
			name = ChordRandomizerTests;
			productName = ChordRandomizerTests;
			productReference = 2894A01429FFFC24007F286D /* ChordRandomizerTests.xctest */;
			productType = "com.apple.product-type.bundle.unit-test";
		};
		28FFCCA7285F4D55000615DA /* ChordRandomizer */ = {
			isa = PBXNativeTarget;
			buildConfigurationList = 28FFCCB7285F4D56000615DA /* Build configuration list for PBXNativeTarget "ChordRandomizer" */;
			buildPhases = (
				28FFCCA4285F4D55000615DA /* Sources */,
				28FFCCA5285F4D55000615DA /* Frameworks */,
				28FFCCA6285F4D55000615DA /* Resources */,
			);
			buildRules = (
			);
			dependencies = (
			);
			name = ChordRandomizer;
			packageProductDependencies = (
				28FFCCDA285F56B3000615DA /* MusicTheory */,
				28FFCCDC285F56B3000615DA /* Utilities */,
			);
			productName = ChordRandomizer;
			productReference = 28FFCCA8285F4D55000615DA /* ChordRandomizer.app */;
			productType = "com.apple.product-type.application";
		};
/* End PBXNativeTarget section */

/* Begin PBXProject section */
		28FFCCA0285F4D55000615DA /* Project object */ = {
			isa = PBXProject;
			attributes = {
				BuildIndependentTargetsInParallel = 1;
				LastSwiftUpdateCheck = 1430;
				LastUpgradeCheck = 1430;
				TargetAttributes = {
					2894A01329FFFC24007F286D = {
						CreatedOnToolsVersion = 14.3;
						TestTargetID = 28FFCCA7285F4D55000615DA;
					};
					28FFCCA7285F4D55000615DA = {
						CreatedOnToolsVersion = 14.0;
					};
				};
			};
			buildConfigurationList = 28FFCCA3285F4D55000615DA /* Build configuration list for PBXProject "ChordRandomizer" */;
			compatibilityVersion = "Xcode 14.0";
			developmentRegion = en;
			hasScannedForEncodings = 0;
			knownRegions = (
				en,
				Base,
			);
			mainGroup = 28FFCC9F285F4D55000615DA;
			productRefGroup = 28FFCCA9285F4D55000615DA /* Products */;
			projectDirPath = "";
			projectRoot = "";
			targets = (
				28FFCCA7285F4D55000615DA /* ChordRandomizer */,
				2894A01329FFFC24007F286D /* ChordRandomizerTests */,
			);
		};
/* End PBXProject section */

/* Begin PBXResourcesBuildPhase section */
		2894A01229FFFC24007F286D /* Resources */ = {
			isa = PBXResourcesBuildPhase;
			buildActionMask = 2147483647;
			files = (
			);
			runOnlyForDeploymentPostprocessing = 0;
		};
		28FFCCA6285F4D55000615DA /* Resources */ = {
			isa = PBXResourcesBuildPhase;
			buildActionMask = 2147483647;
			files = (
				28FFCCB4285F4D56000615DA /* Preview Assets.xcassets in Resources */,
				28FFCCB0285F4D56000615DA /* Assets.xcassets in Resources */,
			);
			runOnlyForDeploymentPostprocessing = 0;
		};
/* End PBXResourcesBuildPhase section */

/* Begin PBXSourcesBuildPhase section */
		2894A01029FFFC24007F286D /* Sources */ = {
			isa = PBXSourcesBuildPhase;
			buildActionMask = 2147483647;
			files = (
			);
			runOnlyForDeploymentPostprocessing = 0;
		};
		28FFCCA4285F4D55000615DA /* Sources */ = {
			isa = PBXSourcesBuildPhase;
			buildActionMask = 2147483647;
			files = (
				28FFCCBB285F4DA9000615DA /* RandomizerViewModel.swift in Sources */,
				28FFCCAE285F4D55000615DA /* RandomizerView.swift in Sources */,
				28FFCCAC285F4D55000615DA /* ChordRandomizerApp.swift in Sources */,
			);
			runOnlyForDeploymentPostprocessing = 0;
		};
/* End PBXSourcesBuildPhase section */

/* Begin PBXTargetDependency section */
		2894A01929FFFC24007F286D /* PBXTargetDependency */ = {
			isa = PBXTargetDependency;
			target = 28FFCCA7285F4D55000615DA /* ChordRandomizer */;
			targetProxy = 2894A01829FFFC24007F286D /* PBXContainerItemProxy */;
		};
/* End PBXTargetDependency section */

/* Begin XCBuildConfiguration section */
		2894A01B29FFFC24007F286D /* Debug */ = {
			isa = XCBuildConfiguration;
			buildSettings = {
				BUNDLE_LOADER = "$(TEST_HOST)";
				CLANG_CXX_LANGUAGE_STANDARD = "gnu++20";
				CODE_SIGN_STYLE = Automatic;
				CURRENT_PROJECT_VERSION = 1;
				DEVELOPMENT_TEAM = FAMK9DA8KT;
				GENERATE_INFOPLIST_FILE = YES;
				IPHONEOS_DEPLOYMENT_TARGET = 16.0;
				MACOSX_DEPLOYMENT_TARGET = 12.4;
				MARKETING_VERSION = 1.0;
				PRODUCT_BUNDLE_IDENTIFIER = com.armanarutiunov.ChordRandomizerTests;
				PRODUCT_NAME = "$(TARGET_NAME)";
				SDKROOT = iphoneos;
				SUPPORTED_PLATFORMS = "iphoneos iphonesimulator macosx";
				SUPPORTS_MACCATALYST = NO;
				SUPPORTS_MAC_DESIGNED_FOR_IPHONE_IPAD = NO;
				SWIFT_EMIT_LOC_STRINGS = NO;
				SWIFT_VERSION = 5.0;
				TARGETED_DEVICE_FAMILY = "1,2";
				TEST_HOST = "$(BUILT_PRODUCTS_DIR)/ChordRandomizer.app/$(BUNDLE_EXECUTABLE_FOLDER_PATH)/ChordRandomizer";
			};
			name = Debug;
		};
		2894A01C29FFFC24007F286D /* Release */ = {
			isa = XCBuildConfiguration;
			buildSettings = {
				BUNDLE_LOADER = "$(TEST_HOST)";
				CLANG_CXX_LANGUAGE_STANDARD = "gnu++20";
				CODE_SIGN_STYLE = Automatic;
				CURRENT_PROJECT_VERSION = 1;
				DEVELOPMENT_TEAM = FAMK9DA8KT;
				GENERATE_INFOPLIST_FILE = YES;
				IPHONEOS_DEPLOYMENT_TARGET = 16.0;
				MACOSX_DEPLOYMENT_TARGET = 12.4;
				MARKETING_VERSION = 1.0;
				PRODUCT_BUNDLE_IDENTIFIER = com.armanarutiunov.ChordRandomizerTests;
				PRODUCT_NAME = "$(TARGET_NAME)";
				SDKROOT = iphoneos;
				SUPPORTED_PLATFORMS = "iphoneos iphonesimulator macosx";
				SUPPORTS_MACCATALYST = NO;
				SUPPORTS_MAC_DESIGNED_FOR_IPHONE_IPAD = NO;
				SWIFT_EMIT_LOC_STRINGS = NO;
				SWIFT_VERSION = 5.0;
				TARGETED_DEVICE_FAMILY = "1,2";
				TEST_HOST = "$(BUILT_PRODUCTS_DIR)/ChordRandomizer.app/$(BUNDLE_EXECUTABLE_FOLDER_PATH)/ChordRandomizer";
				VALIDATE_PRODUCT = YES;
			};
			name = Release;
		};
		28FFCCB5285F4D56000615DA /* Debug */ = {
			isa = XCBuildConfiguration;
			buildSettings = {
				ALWAYS_SEARCH_USER_PATHS = NO;
				CLANG_ANALYZER_NONNULL = YES;
				CLANG_ANALYZER_NUMBER_OBJECT_CONVERSION = YES_AGGRESSIVE;
				CLANG_CXX_LANGUAGE_STANDARD = "gnu++17";
				CLANG_ENABLE_MODULES = YES;
				CLANG_ENABLE_OBJC_ARC = YES;
				CLANG_ENABLE_OBJC_WEAK = YES;
				CLANG_WARN_BLOCK_CAPTURE_AUTORELEASING = YES;
				CLANG_WARN_BOOL_CONVERSION = YES;
				CLANG_WARN_COMMA = YES;
				CLANG_WARN_CONSTANT_CONVERSION = YES;
				CLANG_WARN_DEPRECATED_OBJC_IMPLEMENTATIONS = YES;
				CLANG_WARN_DIRECT_OBJC_ISA_USAGE = YES_ERROR;
				CLANG_WARN_DOCUMENTATION_COMMENTS = YES;
				CLANG_WARN_EMPTY_BODY = YES;
				CLANG_WARN_ENUM_CONVERSION = YES;
				CLANG_WARN_INFINITE_RECURSION = YES;
				CLANG_WARN_INT_CONVERSION = YES;
				CLANG_WARN_NON_LITERAL_NULL_CONVERSION = YES;
				CLANG_WARN_OBJC_IMPLICIT_RETAIN_SELF = YES;
				CLANG_WARN_OBJC_LITERAL_CONVERSION = YES;
				CLANG_WARN_OBJC_ROOT_CLASS = YES_ERROR;
				CLANG_WARN_QUOTED_INCLUDE_IN_FRAMEWORK_HEADER = YES;
				CLANG_WARN_RANGE_LOOP_ANALYSIS = YES;
				CLANG_WARN_STRICT_PROTOTYPES = YES;
				CLANG_WARN_SUSPICIOUS_MOVE = YES;
				CLANG_WARN_UNGUARDED_AVAILABILITY = YES_AGGRESSIVE;
				CLANG_WARN_UNREACHABLE_CODE = YES;
				CLANG_WARN__DUPLICATE_METHOD_MATCH = YES;
				COPY_PHASE_STRIP = NO;
				DEAD_CODE_STRIPPING = YES;
				DEBUG_INFORMATION_FORMAT = dwarf;
				ENABLE_STRICT_OBJC_MSGSEND = YES;
				ENABLE_TESTABILITY = YES;
				GCC_C_LANGUAGE_STANDARD = gnu11;
				GCC_DYNAMIC_NO_PIC = NO;
				GCC_NO_COMMON_BLOCKS = YES;
				GCC_OPTIMIZATION_LEVEL = 0;
				GCC_PREPROCESSOR_DEFINITIONS = (
					"DEBUG=1",
					"$(inherited)",
				);
				GCC_WARN_64_TO_32_BIT_CONVERSION = YES;
				GCC_WARN_ABOUT_RETURN_TYPE = YES_ERROR;
				GCC_WARN_UNDECLARED_SELECTOR = YES;
				GCC_WARN_UNINITIALIZED_AUTOS = YES_AGGRESSIVE;
				GCC_WARN_UNUSED_FUNCTION = YES;
				GCC_WARN_UNUSED_VARIABLE = YES;
				MTL_ENABLE_DEBUG_INFO = INCLUDE_SOURCE;
				MTL_FAST_MATH = YES;
				ONLY_ACTIVE_ARCH = YES;
				SWIFT_ACTIVE_COMPILATION_CONDITIONS = DEBUG;
				SWIFT_OPTIMIZATION_LEVEL = "-Onone";
			};
			name = Debug;
		};
		28FFCCB6285F4D56000615DA /* Release */ = {
			isa = XCBuildConfiguration;
			buildSettings = {
				ALWAYS_SEARCH_USER_PATHS = NO;
				CLANG_ANALYZER_NONNULL = YES;
				CLANG_ANALYZER_NUMBER_OBJECT_CONVERSION = YES_AGGRESSIVE;
				CLANG_CXX_LANGUAGE_STANDARD = "gnu++17";
				CLANG_ENABLE_MODULES = YES;
				CLANG_ENABLE_OBJC_ARC = YES;
				CLANG_ENABLE_OBJC_WEAK = YES;
				CLANG_WARN_BLOCK_CAPTURE_AUTORELEASING = YES;
				CLANG_WARN_BOOL_CONVERSION = YES;
				CLANG_WARN_COMMA = YES;
				CLANG_WARN_CONSTANT_CONVERSION = YES;
				CLANG_WARN_DEPRECATED_OBJC_IMPLEMENTATIONS = YES;
				CLANG_WARN_DIRECT_OBJC_ISA_USAGE = YES_ERROR;
				CLANG_WARN_DOCUMENTATION_COMMENTS = YES;
				CLANG_WARN_EMPTY_BODY = YES;
				CLANG_WARN_ENUM_CONVERSION = YES;
				CLANG_WARN_INFINITE_RECURSION = YES;
				CLANG_WARN_INT_CONVERSION = YES;
				CLANG_WARN_NON_LITERAL_NULL_CONVERSION = YES;
				CLANG_WARN_OBJC_IMPLICIT_RETAIN_SELF = YES;
				CLANG_WARN_OBJC_LITERAL_CONVERSION = YES;
				CLANG_WARN_OBJC_ROOT_CLASS = YES_ERROR;
				CLANG_WARN_QUOTED_INCLUDE_IN_FRAMEWORK_HEADER = YES;
				CLANG_WARN_RANGE_LOOP_ANALYSIS = YES;
				CLANG_WARN_STRICT_PROTOTYPES = YES;
				CLANG_WARN_SUSPICIOUS_MOVE = YES;
				CLANG_WARN_UNGUARDED_AVAILABILITY = YES_AGGRESSIVE;
				CLANG_WARN_UNREACHABLE_CODE = YES;
				CLANG_WARN__DUPLICATE_METHOD_MATCH = YES;
				COPY_PHASE_STRIP = NO;
				DEAD_CODE_STRIPPING = YES;
				DEBUG_INFORMATION_FORMAT = "dwarf-with-dsym";
				ENABLE_NS_ASSERTIONS = NO;
				ENABLE_STRICT_OBJC_MSGSEND = YES;
				GCC_C_LANGUAGE_STANDARD = gnu11;
				GCC_NO_COMMON_BLOCKS = YES;
				GCC_WARN_64_TO_32_BIT_CONVERSION = YES;
				GCC_WARN_ABOUT_RETURN_TYPE = YES_ERROR;
				GCC_WARN_UNDECLARED_SELECTOR = YES;
				GCC_WARN_UNINITIALIZED_AUTOS = YES_AGGRESSIVE;
				GCC_WARN_UNUSED_FUNCTION = YES;
				GCC_WARN_UNUSED_VARIABLE = YES;
				MTL_ENABLE_DEBUG_INFO = NO;
				MTL_FAST_MATH = YES;
				SWIFT_COMPILATION_MODE = wholemodule;
				SWIFT_OPTIMIZATION_LEVEL = "-O";
			};
			name = Release;
		};
		28FFCCB8285F4D56000615DA /* Debug */ = {
			isa = XCBuildConfiguration;
			buildSettings = {
				ASSETCATALOG_COMPILER_APPICON_NAME = AppIcon;
				ASSETCATALOG_COMPILER_GLOBAL_ACCENT_COLOR_NAME = AccentColor;
				CODE_SIGN_ENTITLEMENTS = ChordRandomizer/ChordRandomizer.entitlements;
				CODE_SIGN_STYLE = Automatic;
				CURRENT_PROJECT_VERSION = 1;
				DEAD_CODE_STRIPPING = YES;
				DEVELOPMENT_ASSET_PATHS = "\"ChordRandomizer/Preview Content\"";
				DEVELOPMENT_TEAM = FAMK9DA8KT;
				ENABLE_HARDENED_RUNTIME = YES;
				ENABLE_PREVIEWS = YES;
				GENERATE_INFOPLIST_FILE = YES;
				"INFOPLIST_KEY_UILaunchScreen_Generation[sdk=iphoneos*]" = YES;
				"INFOPLIST_KEY_UILaunchScreen_Generation[sdk=iphonesimulator*]" = YES;
				INFOPLIST_KEY_UISupportedInterfaceOrientations = "UIInterfaceOrientationLandscapeLeft UIInterfaceOrientationLandscapeRight UIInterfaceOrientationPortrait";
				INFOPLIST_KEY_UISupportedInterfaceOrientations_iPad = UIInterfaceOrientationPortraitUpsideDown;
				IPHONEOS_DEPLOYMENT_TARGET = 16.0;
				LD_RUNPATH_SEARCH_PATHS = "@executable_path/Frameworks";
				"LD_RUNPATH_SEARCH_PATHS[sdk=macosx*]" = "@executable_path/../Frameworks";
				MACOSX_DEPLOYMENT_TARGET = 12.4;
				MARKETING_VERSION = 1.0;
				PRODUCT_BUNDLE_IDENTIFIER = com.armanarutiunov.ChordRandomizer;
				PRODUCT_NAME = "$(TARGET_NAME)";
				SDKROOT = auto;
				SUPPORTED_PLATFORMS = "iphoneos iphonesimulator macosx";
				SWIFT_EMIT_LOC_STRINGS = YES;
				SWIFT_VERSION = 5.0;
				TARGETED_DEVICE_FAMILY = "1,2";
			};
			name = Debug;
		};
		28FFCCB9285F4D56000615DA /* Release */ = {
			isa = XCBuildConfiguration;
			buildSettings = {
				ASSETCATALOG_COMPILER_APPICON_NAME = AppIcon;
				ASSETCATALOG_COMPILER_GLOBAL_ACCENT_COLOR_NAME = AccentColor;
				CODE_SIGN_ENTITLEMENTS = ChordRandomizer/ChordRandomizer.entitlements;
				CODE_SIGN_STYLE = Automatic;
				CURRENT_PROJECT_VERSION = 1;
				DEAD_CODE_STRIPPING = YES;
				DEVELOPMENT_ASSET_PATHS = "\"ChordRandomizer/Preview Content\"";
				DEVELOPMENT_TEAM = FAMK9DA8KT;
				ENABLE_HARDENED_RUNTIME = YES;
				ENABLE_PREVIEWS = YES;
				GENERATE_INFOPLIST_FILE = YES;
				"INFOPLIST_KEY_UILaunchScreen_Generation[sdk=iphoneos*]" = YES;
				"INFOPLIST_KEY_UILaunchScreen_Generation[sdk=iphonesimulator*]" = YES;
				INFOPLIST_KEY_UISupportedInterfaceOrientations = "UIInterfaceOrientationLandscapeLeft UIInterfaceOrientationLandscapeRight UIInterfaceOrientationPortrait";
				INFOPLIST_KEY_UISupportedInterfaceOrientations_iPad = UIInterfaceOrientationPortraitUpsideDown;
				IPHONEOS_DEPLOYMENT_TARGET = 16.0;
				LD_RUNPATH_SEARCH_PATHS = "@executable_path/Frameworks";
				"LD_RUNPATH_SEARCH_PATHS[sdk=macosx*]" = "@executable_path/../Frameworks";
				MACOSX_DEPLOYMENT_TARGET = 12.4;
				MARKETING_VERSION = 1.0;
				PRODUCT_BUNDLE_IDENTIFIER = com.armanarutiunov.ChordRandomizer;
				PRODUCT_NAME = "$(TARGET_NAME)";
				SDKROOT = auto;
				SUPPORTED_PLATFORMS = "iphoneos iphonesimulator macosx";
				SWIFT_EMIT_LOC_STRINGS = YES;
				SWIFT_VERSION = 5.0;
				TARGETED_DEVICE_FAMILY = "1,2";
			};
			name = Release;
		};
/* End XCBuildConfiguration section */

/* Begin XCConfigurationList section */
		2894A01A29FFFC24007F286D /* Build configuration list for PBXNativeTarget "ChordRandomizerTests" */ = {
			isa = XCConfigurationList;
			buildConfigurations = (
				2894A01B29FFFC24007F286D /* Debug */,
				2894A01C29FFFC24007F286D /* Release */,
			);
			defaultConfigurationIsVisible = 0;
			defaultConfigurationName = Release;
		};
		28FFCCA3285F4D55000615DA /* Build configuration list for PBXProject "ChordRandomizer" */ = {
			isa = XCConfigurationList;
			buildConfigurations = (
				28FFCCB5285F4D56000615DA /* Debug */,
				28FFCCB6285F4D56000615DA /* Release */,
			);
			defaultConfigurationIsVisible = 0;
			defaultConfigurationName = Release;
		};
		28FFCCB7285F4D56000615DA /* Build configuration list for PBXNativeTarget "ChordRandomizer" */ = {
			isa = XCConfigurationList;
			buildConfigurations = (
				28FFCCB8285F4D56000615DA /* Debug */,
				28FFCCB9285F4D56000615DA /* Release */,
			);
			defaultConfigurationIsVisible = 0;
			defaultConfigurationName = Release;
		};
/* End XCConfigurationList section */

/* Begin XCSwiftPackageProductDependency section */
		28FFCCDA285F56B3000615DA /* MusicTheory */ = {
			isa = XCSwiftPackageProductDependency;
			productName = MusicTheory;
		};
		28FFCCDC285F56B3000615DA /* Utilities */ = {
			isa = XCSwiftPackageProductDependency;
			productName = Utilities;
		};
/* End XCSwiftPackageProductDependency section */
	};
	rootObject = 28FFCCA0285F4D55000615DA /* Project object */;
}
